github.com/gohugoio/hugo-mod-jslibs-dist/popperjs/v2 v2.21100.20000 h1:GZxx4Hc+yb0/t3/rau1j8XlAxLE4CyXns2fqQbyqWfs=
github.com/gohugoio/hugo-mod-jslibs-dist/popperjs/v2 v2.21100.20000/go.mod h1:mFberT6ZtcchrsDtfvJM7aAH2bDKLdOnruUHl0hlapI=
github.com/hbstack/hb v0.5.2 h1:0FzZ0k7AyOtUnAUH4lbS9DEft1uYJpqfd4XClTIjp6w=
github.com/hbstack/hb v0.5.2/go.mod h1:S/08mx1tK6yxjQIkSqvpqG8HrBzMBDJq1WC5QjXW9p0=
github.com/hbstack/hb v0.6.0/go.mod h1:S/08mx1tK6yxjQIkSqvpqG8HrBzMBDJq1WC5QjXW9p0=
github.com/hbstack/hb v0.7.0/go.mod h1:S/08mx1tK6yxjQIkSqvpqG8HrBzMBDJq1WC5QjXW9p0=
github.com/hbstack/hb v0.7.1/go.mod h1:S/08mx1tK6yxjQIkSqvpqG8HrBzMBDJq1WC5QjXW9p0=
github.com/hbstack/hb v0.7.2/go.mod h1:ZOmDVAInLN3kwl/uoggHvj9e7dU5UFIcvswIGbNdq4M=
github.com/hbstack/hb v0.8.0/go.mod h1:Z+gW6UsRwuivPcqqEb67h7vSQwSCWOr7KxNXkhcsEzM=
github.com/hbstack/hb v0.8.1/go.mod h1:Z+gW6UsRwuivPcqqEb67h7vSQwSCWOr7KxNXkhcsEzM=
github.com/hbstack/hb v0.9.0/go.mod h1:6T8TytCOb1C0EIRVcjzwuhI/G/H0ytTOaJbT1xwiDuY=
github.com/hbstack/hb v0.9.1/go.mod h1:6T8TytCOb1C0EIRVcjzwuhI/G/H0ytTOaJbT1xwiDuY=
github.com/hbstack/hb v0.9.2/go.mod h1:6T8TytCOb1C0EIRVcjzwuhI/G/H0ytTOaJbT1xwiDuY=
github.com/hbstack/hb v0.10.0/go.mod h1:6T8TytCOb1C0EIRVcjzwuhI/G/H0ytTOaJbT1xwiDuY=
github.com/hbstack/hb v0.11.0/go.mod h1:6T8TytCOb1C0EIRVcjzwuhI/G/H0ytTOaJbT1xwiDuY=
github.com/hbstack/hb v0.11.1/go.mod h1:udGcwypPlkMBU+HmhxwJ31w5q/Zak37X8MWTRPeAaBI=
github.com/hbstack/hb v0.11.2/go.mod h1:8liwfjapaZK09pXP6XqZ49GOqFPTn7H9jIZsy7S6esg=
github.com/hbstack/hb v0.12.0/go.mod h1:8liwfjapaZK09pXP6XqZ49GOqFPTn7H9jIZsy7S6esg=
github.com/hbstack/hb v0.12.1/go.mod h1:8liwfjapaZK09pXP6XqZ49GOqFPTn7H9jIZsy7S6esg=
github.com/hbstack/hb v0.12.2/go.mod h1:gwKZN1bsmMuSjEkI/l/9zJCG0Xz96h0r7Cv/WOjjNjc=
github.com/hbstack/hb v0.12.3/go.mod h1:K+8F6OQKKAVneWZKzW/Jj3vbqaG1ewFIH/P7HKNeF3o=
github.com/hbstack/hb v0.12.4/go.mod h1:FJilVCHtkVpfXZT+Ii2OFCVeu9wQh/YGgRMuPKX5ycA=
github.com/hbstack/hb v0.13.0/go.mod h1:FJilVCHtkVpfXZT+Ii2OFCVeu9wQh/YGgRMuPKX5ycA=
github.com/hbstack/hb v0.14.0/go.mod h1:FJilVCHtkVpfXZT+Ii2OFCVeu9wQh/YGgRMuPKX5ycA=
github.com/hbstack/hb v0.15.1/go.mod h1:FJilVCHtkVpfXZT+Ii2OFCVeu9wQh/YGgRMuPKX5ycA=
github.com/hbstack/hb v0.15.2/go.mod h1:FJilVCHtkVpfXZT+Ii2OFCVeu9wQh/YGgRMuPKX5ycA=
github.com/hbstack/hb v0.15.3/go.mod h1:FJilVCHtkVpfXZT+Ii2OFCVeu9wQh/YGgRMuPKX5ycA=
github.com/hugomods/icons v0.6.0 h1:G6RU93okhPPRDh/jqcew9gwkcYpSpg0rCBv4S6yUAFw=
github.com/hugomods/icons/vendors/bootstrap v0.5.0 h1:CHEGk677heq2kJZa7XsGHRc3Hwizl9NFkmNw146OVm0=
github.com/hugomods/icons/vendors/bootstrap v0.5.0/go.mod h1:kfC17VWV+tNi6PGF4AY7CJBBa1/HEgWxCYq2kNOdcdI=
github.com/hugomods/icons/vendors/bootstrap v0.5.1/go.mod h1:tFEoO7zed/8FDT6LeKLGnzDbx7D8HK7ZaLshnF0RYjQ=
github.com/hugomods/icons/vendors/bootstrap v0.5.2/go.mod h1:O+9YwW2aJiOIC7R/zmSnoiZjiix1HMJD5J7NRLxRg+M=
github.com/hugomods/icons/vendors/bootstrap v0.5.3/go.mod h1:SuPcqO3u8gN4epmf+2L1G8pg6X3nXj2D6FYRWd+OIrw=
github.com/hugomods/icons/vendors/bootstrap v0.5.4/go.mod h1:DtuYP+dG9Sttfsggd9k09h/hapZBsel6JJ1vNetkaCg=
github.com/hugomods/icons/vendors/bootstrap v0.5.5/go.mod h1:DtuYP+dG9Sttfsggd9k09h/hapZBsel6JJ1vNetkaCg=
github.com/hugomods/icons/vendors/bootstrap v0.5.6/go.mod h1:Sw1RhQvFcsQlJ5a4SKpp7A0XHDYQ0DK0pQwnnx+l+Ao=
github.com/hugomods/icons/vendors/bootstrap v0.5.7/go.mod h1:bTxiIPJ/idHEc35EtvtwSODLpjI+R54BkGdikO3gCmY=
github.com/hugomods/icons/vendors/simple-icons v1.0.9 h1:ozJ1MSB+HdWtvSzqJDjqb5W4D764oailCexZQ/GLiZI=
github.com/hugomods/icons/vendors/simple-icons v1.0.9/go.mod h1:N25uIaNZSI+V/7sIVzIiVYzLdLb8wLQdtU8+bDqAfFE=
github.com/hugomods/icons/vendors/simple-icons v1.0.10/go.mod h1:Q89vk6C3APCGLGitoKG4lcoZN/iCn5wVilAraxrxtFQ=
github.com/hugomods/icons/vendors/simple-icons v1.0.11/go.mod h1:ygxynoNwK4aE9ijEAZHtTV4V/FaovN4kHKH9m7X2yZM=
github.com/hugomods/icons/vendors/simple-icons v1.0.12/go.mod h1:D79JYuM4y6yOrgk09kNuQL5x1qi4rHgAPmM8qtv5dB4=
github.com/hugomods/icons/vendors/simple-icons v1.0.13/go.mod h1:Ks+LDP1NgOaceeXthrkv6z/r8cJYPMp5uaYPpSrs13M=
github.com/hugomods/icons/vendors/simple-icons v1.0.14/go.mod h1:1CN0iptqBWzNBodMiduk0Pq5i/2fYQqaeNcCjyasDGE=
github.com/hugomods/icons/vendors/simple-icons v1.0.15/go.mod h1:oHaOlQ4ihibUBN59q0UT8yiTJ7RkgcSB14F9lCRBw10=
github.com/hugomods/icons/vendors/simple-icons v1.0.16/go.mod h1:BV4f9pZ5cIHqMskgrsAR2/FKXIfD2WPidUTK27Y5E8Y=
github.com/hugomods/icons/vendors/simple-icons v1.0.17/go.mod h1:SMVLm5zll8PIeX3+jRalh83amsynIlL+Zha/8ZXKn68=
github.com/hugomods/icons/vendors/simple-icons v1.0.18/go.mod h1:8pAAI7UX84AUnxTRCVJ8u9oZUgeRHteLnkZwbf+ogKc=
github.com/hugomods/icons/vendors/simple-icons v1.0.19/go.mod h1:9MeUCHoTT5TXJnS+YRv5ML8VZrDBvYEJx0sWjw0hHfM=
github.com/hugomods/icons/vendors/simple-icons v1.0.20/go.mod h1:8wbqQIjRS1HdnGDhTIhgfpHjfRDU5/k3223eEVJYyeE=
github.com/hugomods/icons/vendors/simple-icons v1.0.21/go.mod h1:l5nhvpMaZiL2iVTl0KCvOE5PzXUfXsODQiQ5u7fqX9w=
github.com/hugomods/icons/vendors/simple-icons v1.0.22/go.mod h1:baULjal4gCvJeiuE4BMxkR2Gh1IWhVvJRJ0FJiSxMwo=
github.com/hugomods/icons/vendors/simple-icons v1.0.23/go.mod h1:o6weSXwunOIg3Gu3XoA5ZHo1vBzJRhKpbJJBdIb1Rpg=
github.com/hugomods/icons/vendors/simple-icons v1.0.24/go.mod h1:de5K5DTbhux0E8u9stiNIqtJ5O/k29xOAqoYTnhsKMw=
github.com/hugomods/icons/vendors/simple-icons v1.0.25/go.mod h1:Yi5H1QtUn2ijo/jEkgjHi5i5jnjIkmREZuJ1qzuRqh0=
github.com/hugomods/icons/vendors/simple-icons v1.0.26/go.mod h1:TM3sfNzBmqrckH18wYC0ksdsqvZFpZULE0gnbSeNoUY=
github.com/hugomods/icons/vendors/simple-icons v1.0.27/go.mod h1:1JLmxEWlmmxE67YzC/CbP19QEfFMoucbLzMWvJ5N4DQ=
github.com/hugomods/icons/vendors/simple-icons v1.0.28/go.mod h1:p1h2vSOPRPf+wlqISlrZPNZqF6dLdg4T0l9A05KM4BM=
github.com/hugomods/icons/vendors/simple-icons v1.0.29/go.mod h1:xarNh9bs80owlZgbN9TP894ITqsjiClD3B/JIJtfYL8=
github.com/hugomods/icons/vendors/simple-icons v1.0.30/go.mod h1:xarNh9bs80owlZgbN9TP894ITqsjiClD3B/JIJtfYL8=
github.com/hugomods/icons/vendors/simple-icons v1.0.31/go.mod h1:mXoItc29/obFr5EOEiDmrLMZQ+3juCch3YyQ8Jo6ElA=
github.com/hugomods/icons/vendors/simple-icons v1.0.32/go.mod h1:l038jUYiTs8kdeAcGBVj4cuP25KQku6gb/H0NDjix3Y=
github.com/hugomods/icons/vendors/simple-icons v1.0.33/go.mod h1:La0IFKLpjIf2fJduy4tD89ZYlyv8rfcDA+WW5enNUFM=
github.com/hugomods/icons/vendors/simple-icons v1.0.34/go.mod h1:5gxe7UQ8FingkIsuIid/a3C0BwhH9aYtCzwjf/2Cm/o=
github.com/hugomods/icons/vendors/simple-icons v1.0.35/go.mod h1:uc0Ig96nm0s46VMxdy1Hzy9BEmLq0c1nIbPzuMlgILI=
github.com/hugomods/icons/vendors/simple-icons v1.0.36/go.mod h1:831A05oHGziqogtDl3NW7ZjtHpnPTzhK/w/19/mnH+E=
github.com/hugomods/icons/vendors/simple-icons v1.0.37/go.mod h1:YnC8ZUSGAKOhW3aY8qugJLe6w5Ck/k8EXBzGmKN5YdA=
github.com/hugomods/icons/vendors/simple-icons v1.0.38/go.mod h1:XhswsNEfVeOhYACVe9+IIN7Z2AN0keT1ddnWv/vHp9A=
github.com/hugomods/icons/vendors/simple-icons v1.0.39/go.mod h1:Y+C3h6tOJ938GK7dqUxC7nYPtcIcmKOFLlWaikRv+8c=
github.com/hugomods/icons/vendors/simple-icons v1.0.40/go.mod h1:594XsVTJ2lgbzAUy/4OopxsZEeAOKmg8GfOBwiBiCe8=
github.com/hugomods/icons/vendors/simple-icons v1.0.41/go.mod h1:LppcJG9cNDKHw5NRGmyGPBsZoqo+I18HegEgmo2/LVg=
github.com/hugomods/icons/vendors/simple-icons v1.0.42/go.mod h1:fjtQc/rNlpZdGmcT7vmOGbh33/xMD1EKqloJ+A2/1Eo=
github.com/hugomods/icons/vendors/simple-icons v1.0.43/go.mod h1:4XiukTwoxx4f9qLYUsSppODCq7mQx/P/cJp2UDHzECw=
github.com/hugomods/icons/vendors/simple-icons v1.0.44/go.mod h1:7LcqEe8I+bPorVukiTA8m+HHKH/i413NgyItgGuhtRQ=
github.com/hugomods/icons/vendors/simple-icons v1.0.45/go.mod h1:uCOLQy1qICLIFyWZMPUG5FCH2nJEFvZRjEZ4UM4Pvto=
github.com/hugomods/icons/vendors/simple-icons v1.0.46/go.mod h1:OkG7GY2x/zFC9k3ueYcm2vmtNhIMczRb188FLfg+mJI=
github.com/hugomods/icons/vendors/simple-icons v1.0.47/go.mod h1:+OxJaLg5ElwlUW/JhUq7IeuXg0tKLoB8MaOhkWQW0Eg=
github.com/hugomods/icons/vendors/simple-icons v1.0.48/go.mod h1:OW3DGGP2A2ArBfZWjnLsiZShjXr2fltoP57HySYrsTg=
github.com/hugomods/icons/vendors/simple-icons v1.0.49/go.mod h1:K3F3oFb6euvhpRXzWw8sSO+c68uZJZAcazuzxT8XIhc=
github.com/hugomods/icons/vendors/simple-icons v1.0.50/go.mod h1:yc7MBoWIZX7Da0f6beE/Ppxmp7/stWqyGZRZMBErVJw=
github.com/hugomods/icons/vendors/simple-icons v1.0.51/go.mod h1:Uk4BMaWL6ohfjicOQEPZJuhCgWD9beDOkJ8+3zD0m2Q=
github.com/hugomods/icons/vendors/simple-icons v1.0.52/go.mod h1:JkyLPirnYf5HbI2GUZ4O2PGDMA9BsBfNSakPfrOoG00=
github.com/hugomods/icons/vendors/simple-icons v1.0.53/go.mod h1:uhL0lxvPii4EnmJhJcG0yvzgzoGDxw6+95Ouzez+jvc=
github.com/hugomods/icons/vendors/simple-icons v1.0.54/go.mod h1:lAfVp+/D/p4trFjOYi4E+xjzOi4Pp0Sn1r32AhGofXc=
github.com/hugomods/icons/vendors/simple-icons v1.0.55/go.mod h1:DgADd72ssALNAevP4aSMLRFRIdvbPaMA5FKTWfFA+lc=
github.com/hugomods/icons/vendors/simple-icons v1.0.56/go.mod h1:amg6gmRchBb2zrdPIbLAqXViVtNplSvnYL+MZrZSX6g=
