github.com/gohugoio/hugo-mod-jslibs-dist/popperjs/v2 v2.21100.20000 h1:GZxx4Hc+yb0/t3/rau1j8XlAxLE4CyXns2fqQbyqWfs=
github.com/gohugoio/hugo-mod-jslibs-dist/popperjs/v2 v2.21100.20000/go.mod h1:mFberT6ZtcchrsDtfvJM7aAH2bDKLdOnruUHl0hlapI=
github.com/hbstack/hb v0.1.2 h1:GEx20g1w53Do3bu3aiyK5ubfkpjQIcHNHBx1lJKCzCk=
github.com/hbstack/hb v0.1.2/go.mod h1:j1CyW+HWmbqdAgagn8FPEtdTGZEdTHVZdml+vqfsKiU=
github.com/hbstack/hb v0.1.3/go.mod h1:p+O1/GkVyi+dksOPttoPWB1g7Tjtf7Mhxu+YfYwFn4M=
github.com/hbstack/hb v0.1.4/go.mod h1:MRDu9z0Iq6B3xTCS8QQ5zX0hzGKDQYMxNXm+GLXinqU=
github.com/hbstack/hb v0.2.0/go.mod h1:37E1uTMQx1Hix+VdwlWkW74fi3ct5+KlCCBywv9l3Ac=
github.com/hbstack/hb v0.3.0/go.mod h1:37E1uTMQx1Hix+VdwlWkW74fi3ct5+KlCCBywv9l3Ac=
github.com/hbstack/hb v0.4.0/go.mod h1:37E1uTMQx1Hix+VdwlWkW74fi3ct5+KlCCBywv9l3Ac=
github.com/hbstack/hb v0.5.0/go.mod h1:37E1uTMQx1Hix+VdwlWkW74fi3ct5+KlCCBywv9l3Ac=
github.com/hugomods/icons v0.6.0 h1:G6RU93okhPPRDh/jqcew9gwkcYpSpg0rCBv4S6yUAFw=
github.com/hugomods/icons/vendors/simple-icons v0.7.0 h1:Fx9BtbTP+/DU52bclpdgLYr1FMr9sA1WPoRw0KqsTOA=
github.com/hugomods/icons/vendors/simple-icons v0.7.0/go.mod h1:uD4A9Oc+B9L4i2kJ20N++lkXASzA9ccrJMC/Hj/JxBo=
github.com/hugomods/icons/vendors/simple-icons v0.8.0/go.mod h1:yvdo7z+cZAgoD5QAlL6jviNkkMKdCr3XzTRv5BruA04=
github.com/hugomods/icons/vendors/simple-icons v0.9.0/go.mod h1:5cqrov5yB+69XxmnEcUyZB9V9ZPTwFpJDDyVNdFdSrs=
github.com/hugomods/icons/vendors/simple-icons v0.10.0/go.mod h1:I3qNduukXrSmUo6gEbYvLA/+QU3pLH37yh4tBGizfuY=
github.com/hugomods/icons/vendors/simple-icons v0.11.0/go.mod h1:Ie17K870r5lY0b4xmXZs9Bil/lCSyRyHX7e84jt1I+U=
github.com/hugomods/icons/vendors/simple-icons v0.12.0/go.mod h1:HRoAt4pAGMH8wXDLr8b0JHg3WlGbCtIayHgYoYpE9g8=
