github.com/gohugoio/hugo-mod-jslibs-dist/popperjs/v2 v2.21100.20000 h1:GZxx4Hc+yb0/t3/rau1j8XlAxLE4CyXns2fqQbyqWfs=
github.com/gohugoio/hugo-mod-jslibs-dist/popperjs/v2 v2.21100.20000/go.mod h1:mFberT6ZtcchrsDtfvJM7aAH2bDKLdOnruUHl0hlapI=
github.com/hbstack/hb v0.5.2 h1:0FzZ0k7AyOtUnAUH4lbS9DEft1uYJpqfd4XClTIjp6w=
github.com/hbstack/hb v0.5.2/go.mod h1:S/08mx1tK6yxjQIkSqvpqG8HrBzMBDJq1WC5QjXW9p0=
github.com/hbstack/hb v0.6.0/go.mod h1:S/08mx1tK6yxjQIkSqvpqG8HrBzMBDJq1WC5QjXW9p0=
github.com/hbstack/hb v0.7.0/go.mod h1:S/08mx1tK6yxjQIkSqvpqG8HrBzMBDJq1WC5QjXW9p0=
github.com/hbstack/hb v0.7.1/go.mod h1:S/08mx1tK6yxjQIkSqvpqG8HrBzMBDJq1WC5QjXW9p0=
github.com/hugomods/icons v0.6.0 h1:G6RU93okhPPRDh/jqcew9gwkcYpSpg0rCBv4S6yUAFw=
github.com/hugomods/icons/vendors/bootstrap v0.5.0 h1:CHEGk677heq2kJZa7XsGHRc3Hwizl9NFkmNw146OVm0=
github.com/hugomods/icons/vendors/bootstrap v0.5.0/go.mod h1:kfC17VWV+tNi6PGF4AY7CJBBa1/HEgWxCYq2kNOdcdI=
github.com/hugomods/icons/vendors/bootstrap v0.5.1/go.mod h1:tFEoO7zed/8FDT6LeKLGnzDbx7D8HK7ZaLshnF0RYjQ=
github.com/hugomods/icons/vendors/simple-icons v1.0.9 h1:ozJ1MSB+HdWtvSzqJDjqb5W4D764oailCexZQ/GLiZI=
github.com/hugomods/icons/vendors/simple-icons v1.0.9/go.mod h1:N25uIaNZSI+V/7sIVzIiVYzLdLb8wLQdtU8+bDqAfFE=
github.com/hugomods/icons/vendors/simple-icons v1.0.10/go.mod h1:Q89vk6C3APCGLGitoKG4lcoZN/iCn5wVilAraxrxtFQ=
github.com/hugomods/icons/vendors/simple-icons v1.0.11/go.mod h1:ygxynoNwK4aE9ijEAZHtTV4V/FaovN4kHKH9m7X2yZM=
github.com/hugomods/icons/vendors/simple-icons v1.0.12/go.mod h1:D79JYuM4y6yOrgk09kNuQL5x1qi4rHgAPmM8qtv5dB4=
github.com/hugomods/icons/vendors/simple-icons v1.0.13/go.mod h1:Ks+LDP1NgOaceeXthrkv6z/r8cJYPMp5uaYPpSrs13M=
github.com/hugomods/icons/vendors/simple-icons v1.0.14/go.mod h1:1CN0iptqBWzNBodMiduk0Pq5i/2fYQqaeNcCjyasDGE=
github.com/hugomods/icons/vendors/simple-icons v1.0.15/go.mod h1:oHaOlQ4ihibUBN59q0UT8yiTJ7RkgcSB14F9lCRBw10=
github.com/hugomods/icons/vendors/simple-icons v1.0.16/go.mod h1:BV4f9pZ5cIHqMskgrsAR2/FKXIfD2WPidUTK27Y5E8Y=
github.com/hugomods/icons/vendors/simple-icons v1.0.17/go.mod h1:SMVLm5zll8PIeX3+jRalh83amsynIlL+Zha/8ZXKn68=
